
Microsoft Visual Studio Solution File, Format Version 12.00
# Visual Studio Version 17
VisualStudioVersion = 17.11.35327.3
MinimumVisualStudioVersion = 10.0.40219.1
Project("{FAE04EC0-301F-11D3-BF4B-00C04F79EFBC}") = "RateReel-Backend", "RateReel-Backend.csproj", "{10E07D97-92DE-4A9A-934D-842ED88E0B7C}"
EndProject
Global
	GlobalSection(SolutionConfigurationPlatforms) = preSolution
		Debug|Any CPU = Debug|Any CPU
		Release|Any CPU = Release|Any CPU
	EndGlobalSection
	GlobalSection(ProjectConfigurationPlatforms) = postSolution
		{10E07D97-92DE-4A9A-934D-842ED88E0B7C}.Debug|Any CPU.ActiveCfg = Debug|Any CPU
		{10E07D97-92DE-4A9A-934D-842ED88E0B7C}.Debug|Any CPU.Build.0 = Debug|Any CPU
		{10E07D97-92DE-4A9A-934D-842ED88E0B7C}.Release|Any CPU.ActiveCfg = Release|Any CPU
		{10E07D97-92DE-4A9A-934D-842ED88E0B7C}.Release|Any CPU.Build.0 = Release|Any CPU
	EndGlobalSection
	GlobalSection(SolutionProperties) = preSolution
		HideSolutionNode = FALSE
	EndGlobalSection
	GlobalSection(ExtensibilityGlobals) = postSolution
		SolutionGuid = {D017FB0E-4720-4172-8AF7-8B24B7EFED68}
	EndGlobalSection
EndGlobal
